{
  "name": "AggieScheduleReviewer",
  "lockfileVersion": 3,
  "requires": true,
  "packages": {
    "": {
      "dependencies": {
        "pdf2json": "^3.1.4",
        "pdf2table": "^0.0.2"
      }
    },
    "node_modules/pdf2json": {
      "version": "3.1.4",
      "resolved": "https://registry.npmjs.org/pdf2json/-/pdf2json-3.1.4.tgz",
      "integrity": "sha512-rS+VapXpXZr+5lUpHmRh3ugXdFXp24p1RyG24yP1DMpqP4t0mrYNGpLtpSbWD42PnQ59GIXofxF+yWb7M+3THg==",
      "bundleDependencies": [
        "@xmldom/xmldom"
      ],
      "dependencies": {
        "@xmldom/xmldom": "^0.8.10"
      },
      "bin": {
        "pdf2json": "bin/pdf2json.js"
      },
      "engines": {
        "node": ">=18.12.1",
        "npm": ">=8.19.2"
      }
    },
    "node_modules/pdf2json/node_modules/@xmldom/xmldom": {
      "version": "0.8.10",
      "inBundle": true,
      "license": "MIT",
      "engines": {
        "node": ">=10.0.0"
      }
    },
    "node_modules/pdf2table": {
      "version": "0.0.2",
      "resolved": "https://registry.npmjs.org/pdf2table/-/pdf2table-0.0.2.tgz",
      "integrity": "sha512-23qYwyhkWeRXypHnsyw7UPRlky68wxr7bZ39lSOvG8q/W2eElEQdmKxYezG+M0liwzH4IUDRaddfSWSPYc6dOg==",
      "dependencies": {
        "pdf2json": "^0.7.1"
      }
    },
    "node_modules/pdf2table/node_modules/pdf2json": {
      "version": "0.7.1",
      "resolved": "https://registry.npmjs.org/pdf2json/-/pdf2json-0.7.1.tgz",
      "integrity": "sha512-53SLkZDGG4CDbQo26r9/O8ROj6JtQwhmGk/xgzJAwnWphOq1yO3waZhZakXL//tKGf2uSGUhaWB/slxGgD6F7w==",
      "bundleDependencies": [
        "xmldom",
        "underscore",
        "optimist",
        "async"
      ],
      "dependencies": {
        "async": ">=0.2.6",
        "optimist": ">=0.3.5",
        "underscore": ">=1.4.2",
        "xmldom": ">=0.1.13"
      },
      "bin": {
        "pdf2json": "bin/pdf2json"
      },
      "engines": {
        "node": ">=0.8"
      }
    },
    "node_modules/pdf2table/node_modules/pdf2json/node_modules/async": {
      "version": "0.2.6",
      "inBundle": true
    },
    "node_modules/pdf2table/node_modules/pdf2json/node_modules/optimist": {
      "version": "0.3.5",
      "inBundle": true,
      "license": "MIT/X11",
      "dependencies": {
        "wordwrap": "~0.0.2"
      }
    },
    "node_modules/pdf2table/node_modules/pdf2json/node_modules/optimist/node_modules/wordwrap": {
      "version": "0.0.2",
      "inBundle": true,
      "license": "MIT/X11",
      "engines": {
        "node": ">=0.4.0"
      }
    },
    "node_modules/pdf2table/node_modules/pdf2json/node_modules/underscore": {
      "version": "1.4.4",
      "inBundle": true
    },
    "node_modules/pdf2table/node_modules/pdf2json/node_modules/xmldom": {
      "version": "0.1.13",
      "inBundle": true,
      "engines": {
        "node": ">=0.1"
      }
    }
  }
}
